{
  "name": "DetectDistance",
  "lockfileVersion": 3,
  "requires": true,
  "packages": {
    "": {
      "dependencies": {
        "babylonjs": "^6.33.1",
        "babylonjs-loaders": "^6.33.1",
        "three": "^0.159.0",
        "three-mesh-bvh": "^0.6.8"
      }
    },
    "node_modules/babylonjs": {
      "version": "6.34.0",
      "resolved": "https://registry.npmmirror.com/babylonjs/-/babylonjs-6.34.0.tgz",
      "integrity": "sha512-qdli+IOGT6a4mu1C2xiq4UzkoMgYjner5wUZYJefU9aZn/nfNbABaUYyAOnz1ANMZxB2rOj9ldsIw0XRTlAy0g==",
      "hasInstallScript": true
    },
    "node_modules/babylonjs-gltf2interface": {
      "version": "6.34.0",
      "resolved": "https://registry.npmmirror.com/babylonjs-gltf2interface/-/babylonjs-gltf2interface-6.34.0.tgz",
      "integrity": "sha512-1mmaeMCUe/NakELr2qWyEDlxr5dAa0FC3CdHwvqSTydMVrdeVhGAXzUejmaZ4YtxMU5qKPW/q8mpDuWKETkO8w=="
    },
    "node_modules/babylonjs-loaders": {
      "version": "6.34.0",
      "resolved": "https://registry.npmmirror.com/babylonjs-loaders/-/babylonjs-loaders-6.34.0.tgz",
      "integrity": "sha512-TysQb32ZuMhQ345oif55+vNBTkN4o0IEgx7CLWJTkc601f9EcuzHAn8Nki25hw/pXSHp3sqPB0p9c9KAs3WcXA==",
      "dependencies": {
        "babylonjs": "^6.34.0",
        "babylonjs-gltf2interface": "^6.34.0"
      }
    },
    "node_modules/three": {
      "version": "0.159.0",
      "resolved": "https://registry.npmmirror.com/three/-/three-0.159.0.tgz",
      "integrity": "sha512-eCmhlLGbBgucuo4VEA9IO3Qpc7dh8Bd4VKzr7WfW4+8hMcIfoAVi1ev0pJYN9PTTsCslbcKgBwr2wNZ1EvLInA=="
    },
    "node_modules/three-mesh-bvh": {
      "version": "0.6.8",
      "resolved": "https://registry.npmmirror.com/three-mesh-bvh/-/three-mesh-bvh-0.6.8.tgz",
      "integrity": "sha512-EGebF9DZx1S8+7OZYNNTT80GXJZVf+UYXD/HyTg/e2kR/ApofIFfUS4ZzIHNnUVIadpnLSzM4n96wX+l7GMbnQ==",
      "peerDependencies": {
        "three": ">= 0.151.0"
      }
    }
  }
}
